// !$*UTF8*$!
{
	archiveVersion = 1;
	classes = {
	};
	objectVersion = 46;
	objects = {

/* Begin PBXBuildFile section */
		3D34074F1D400B5C0004D22E /* AppDelegate.swift in Sources */ = {isa = PBXBuildFile; fileRef = 3D34074E1D400B5C0004D22E /* AppDelegate.swift */; };
		3D3407541D400B5C0004D22E /* Main.storyboard in Resources */ = {isa = PBXBuildFile; fileRef = 3D3407521D400B5C0004D22E /* Main.storyboard */; };
		3D3407561D400B5C0004D22E /* Assets.xcassets in Resources */ = {isa = PBXBuildFile; fileRef = 3D3407551D400B5C0004D22E /* Assets.xcassets */; };
		3D3407591D400B5C0004D22E /* LaunchScreen.storyboard in Resources */ = {isa = PBXBuildFile; fileRef = 3D3407571D400B5C0004D22E /* LaunchScreen.storyboard */; };
		3D3407611D400BB20004D22E /* FriendListViewController.swift in Sources */ = {isa = PBXBuildFile; fileRef = 3D3407601D400BB20004D22E /* FriendListViewController.swift */; };
		3D3407661D40116E0004D22E /* FriendViewController.swift in Sources */ = {isa = PBXBuildFile; fileRef = 3D3407651D40116D0004D22E /* FriendViewController.swift */; };
/* End PBXBuildFile section */

/* Begin PBXFileReference section */
		3D34074B1D400B5C0004D22E /* Friendbook.app */ = {isa = PBXFileReference; explicitFileType = wrapper.application; includeInIndex = 0; path = Friendbook.app; sourceTree = BUILT_PRODUCTS_DIR; };
		3D34074E1D400B5C0004D22E /* AppDelegate.swift */ = {isa = PBXFileReference; lastKnownFileType = sourcecode.swift; path = AppDelegate.swift; sourceTree = "<group>"; };
		3D3407531D400B5C0004D22E /* Base */ = {isa = PBXFileReference; lastKnownFileType = file.storyboard; name = Base; path = Base.lproj/Main.storyboard; sourceTree = "<group>"; };
		3D3407551D400B5C0004D22E /* Assets.xcassets */ = {isa = PBXFileReference; lastKnownFileType = folder.assetcatalog; path = Assets.xcassets; sourceTree = "<group>"; };
		3D3407581D400B5C0004D22E /* Base */ = {isa = PBXFileReference; lastKnownFileType = file.storyboard; name = Base; path = Base.lproj/LaunchScreen.storyboard; sourceTree = "<group>"; };
		3D34075A1D400B5C0004D22E /* Info.plist */ = {isa = PBXFileReference; lastKnownFileType = text.plist.xml; path = Info.plist; sourceTree = "<group>"; };
		3D3407601D400BB20004D22E /* FriendListViewController.swift */ = {isa = PBXFileReference; fileEncoding = 4; lastKnownFileType = sourcecode.swift; path = FriendListViewController.swift; sourceTree = "<group>"; };
		3D3407651D40116D0004D22E /* FriendViewController.swift */ = {isa = PBXFileReference; fileEncoding = 4; lastKnownFileType = sourcecode.swift; path = FriendViewController.swift; sourceTree = "<group>"; };
/* End PBXFileReference section */

/* Begin PBXFrameworksBuildPhase section */
		3D3407481D400B5C0004D22E /* Frameworks */ = {
			isa = PBXFrameworksBuildPhase;
			buildActionMask = 2147483647;
			files = (
			);
			runOnlyForDeploymentPostprocessing = 0;
		};
/* End PBXFrameworksBuildPhase section */

/* Begin PBXGroup section */
		3D3407421D400B5C0004D22E = {
			isa = PBXGroup;
			children = (
				3D34074D1D400B5C0004D22E /* Friendbook */,
				3D34074C1D400B5C0004D22E /* Products */,
			);
			sourceTree = "<group>";
		};
		3D34074C1D400B5C0004D22E /* Products */ = {
			isa = PBXGroup;
			children = (
				3D34074B1D400B5C0004D22E /* Friendbook.app */,
			);
			name = Products;
			sourceTree = "<group>";
		};
		3D34074D1D400B5C0004D22E /* Friendbook */ = {
			isa = PBXGroup;
			children = (
				3D3407641D400BC50004D22E /* controller */,
				3D3407631D400BC00004D22E /* model */,
				3D3407621D400BB70004D22E /* view */,
				3D34074E1D400B5C0004D22E /* AppDelegate.swift */,
				3D3407521D400B5C0004D22E /* Main.storyboard */,
				3D3407551D400B5C0004D22E /* Assets.xcassets */,
				3D3407571D400B5C0004D22E /* LaunchScreen.storyboard */,
				3D34075A1D400B5C0004D22E /* Info.plist */,
			);
			path = Friendbook;
			sourceTree = "<group>";
		};
		3D3407621D400BB70004D22E /* view */ = {
			isa = PBXGroup;
			children = (
			);
			name = view;
			sourceTree = "<group>";
		};
		3D3407631D400BC00004D22E /* model */ = {
			isa = PBXGroup;
			children = (
			);
			name = model;
			sourceTree = "<group>";
		};
		3D3407641D400BC50004D22E /* controller */ = {
			isa = PBXGroup;
			children = (
				3D3407601D400BB20004D22E /* FriendListViewController.swift */,
				3D3407651D40116D0004D22E /* FriendViewController.swift */,
			);
			name = controller;
			sourceTree = "<group>";
		};
/* End PBXGroup section */

/* Begin PBXNativeTarget section */
		3D34074A1D400B5C0004D22E /* Friendbook */ = {
			isa = PBXNativeTarget;
			buildConfigurationList = 3D34075D1D400B5C0004D22E /* Build configuration list for PBXNativeTarget "Friendbook" */;
			buildPhases = (
				3D3407471D400B5C0004D22E /* Sources */,
				3D3407481D400B5C0004D22E /* Frameworks */,
				3D3407491D400B5C0004D22E /* Resources */,
			);
			buildRules = (
			);
			dependencies = (
			);
			name = Friendbook;
			productName = Friendbook;
			productReference = 3D34074B1D400B5C0004D22E /* Friendbook.app */;
			productType = "com.apple.product-type.application";
		};
/* End PBXNativeTarget section */

/* Begin PBXProject section */
		3D3407431D400B5C0004D22E /* Project object */ = {
			isa = PBXProject;
			attributes = {
				LastSwiftUpdateCheck = 0730;
				LastUpgradeCheck = 0730;
				ORGANIZATIONNAME = SpaceForest;
				TargetAttributes = {
					3D34074A1D400B5C0004D22E = {
						CreatedOnToolsVersion = 7.3;
					};
				};
			};
			buildConfigurationList = 3D3407461D400B5C0004D22E /* Build configuration list for PBXProject "Friendbook" */;
			compatibilityVersion = "Xcode 3.2";
			developmentRegion = English;
			hasScannedForEncodings = 0;
			knownRegions = (
				en,
				Base,
			);
			mainGroup = 3D3407421D400B5C0004D22E;
			productRefGroup = 3D34074C1D400B5C0004D22E /* Products */;
			projectDirPath = "";
			projectRoot = "";
			targets = (
				3D34074A1D400B5C0004D22E /* Friendbook */,
			);
		};
/* End PBXProject section */

/* Begin PBXResourcesBuildPhase section */
		3D3407491D400B5C0004D22E /* Resources */ = {
			isa = PBXResourcesBuildPhase;
			buildActionMask = 2147483647;
			files = (
				3D3407591D400B5C0004D22E /* LaunchScreen.storyboard in Resources */,
				3D3407561D400B5C0004D22E /* Assets.xcassets in Resources */,
				3D3407541D400B5C0004D22E /* Main.storyboard in Resources */,
			);
			runOnlyForDeploymentPostprocessing = 0;
		};
/* End PBXResourcesBuildPhase section */

/* Begin PBXSourcesBuildPhase section */
		3D3407471D400B5C0004D22E /* Sources */ = {
			isa = PBXSourcesBuildPhase;
			buildActionMask = 2147483647;
			files = (
				3D3407661D40116E0004D22E /* FriendViewController.swift in Sources */,
				3D3407611D400BB20004D22E /* FriendListViewController.swift in Sources */,
				3D34074F1D400B5C0004D22E /* AppDelegate.swift in Sources */,
			);
			runOnlyForDeploymentPostprocessing = 0;
		};
/* End PBXSourcesBuildPhase section */

/* Begin PBXVariantGroup section */
		3D3407521D400B5C0004D22E /* Main.storyboard */ = {
			isa = PBXVariantGroup;
			children = (
				3D3407531D400B5C0004D22E /* Base */,
			);
			name = Main.storyboard;
			sourceTree = "<group>";
		};
		3D3407571D400B5C0004D22E /* LaunchScreen.storyboard */ = {
			isa = PBXVariantGroup;
			children = (
				3D3407581D400B5C0004D22E /* Base */,
			);
			name = LaunchScreen.storyboard;
			sourceTree = "<group>";
		};
/* End PBXVariantGroup section */

/* Begin XCBuildConfiguration section */
		3D34075B1D400B5C0004D22E /* Debug */ = {
			isa = XCBuildConfiguration;
			buildSettings = {
				ALWAYS_SEARCH_USER_PATHS = NO;
				CLANG_ANALYZER_NONNULL = YES;
				CLANG_CXX_LANGUAGE_STANDARD = "gnu++0x";
				CLANG_CXX_LIBRARY = "libc++";
				CLANG_ENABLE_MODULES = YES;
				CLANG_ENABLE_OBJC_ARC = YES;
				CLANG_WARN_BOOL_CONVERSION = YES;
				CLANG_WARN_CONSTANT_CONVERSION = YES;
				CLANG_WARN_DIRECT_OBJC_ISA_USAGE = YES_ERROR;
				CLANG_WARN_EMPTY_BODY = YES;
				CLANG_WARN_ENUM_CONVERSION = YES;
				CLANG_WARN_INT_CONVERSION = YES;
				CLANG_WARN_OBJC_ROOT_CLASS = YES_ERROR;
				CLANG_WARN_UNREACHABLE_CODE = YES;
				CLANG_WARN__DUPLICATE_METHOD_MATCH = YES;
				"CODE_SIGN_IDENTITY[sdk=iphoneos*]" = "iPhone Developer";
				COPY_PHASE_STRIP = NO;
				DEBUG_INFORMATION_FORMAT = dwarf;
				ENABLE_STRICT_OBJC_MSGSEND = YES;
				ENABLE_TESTABILITY = YES;
				GCC_C_LANGUAGE_STANDARD = gnu99;
				GCC_DYNAMIC_NO_PIC = NO;
				GCC_NO_COMMON_BLOCKS = YES;
				GCC_OPTIMIZATION_LEVEL = 0;
				GCC_PREPROCESSOR_DEFINITIONS = (
					"DEBUG=1",
					"$(inherited)",
				);
				GCC_WARN_64_TO_32_BIT_CONVERSION = YES;
				GCC_WARN_ABOUT_RETURN_TYPE = YES_ERROR;
				GCC_WARN_UNDECLARED_SELECTOR = YES;
				GCC_WARN_UNINITIALIZED_AUTOS = YES_AGGRESSIVE;
				GCC_WARN_UNUSED_FUNCTION = YES;
				GCC_WARN_UNUSED_VARIABLE = YES;
				IPHONEOS_DEPLOYMENT_TARGET = 9.3;
				MTL_ENABLE_DEBUG_INFO = YES;
				ONLY_ACTIVE_ARCH = YES;
				SDKROOT = iphoneos;
				SWIFT_OPTIMIZATION_LEVEL = "-Onone";
			};
			name = Debug;
		};
		3D34075C1D400B5C0004D22E /* Release */ = {
			isa = XCBuildConfiguration;
			buildSettings = {
				ALWAYS_SEARCH_USER_PATHS = NO;
				CLANG_ANALYZER_NONNULL = YES;
				CLANG_CXX_LANGUAGE_STANDARD = "gnu++0x";
				CLANG_CXX_LIBRARY = "libc++";
				CLANG_ENABLE_MODULES = YES;
				CLANG_ENABLE_OBJC_ARC = YES;
				CLANG_WARN_BOOL_CONVERSION = YES;
				CLANG_WARN_CONSTANT_CONVERSION = YES;
				CLANG_WARN_DIRECT_OBJC_ISA_USAGE = YES_ERROR;
				CLANG_WARN_EMPTY_BODY = YES;
				CLANG_WARN_ENUM_CONVERSION = YES;
				CLANG_WARN_INT_CONVERSION = YES;
				CLANG_WARN_OBJC_ROOT_CLASS = YES_ERROR;
				CLANG_WARN_UNREACHABLE_CODE = YES;
				CLANG_WARN__DUPLICATE_METHOD_MATCH = YES;
				"CODE_SIGN_IDENTITY[sdk=iphoneos*]" = "iPhone Developer";
				COPY_PHASE_STRIP = NO;
				DEBUG_INFORMATION_FORMAT = "dwarf-with-dsym";
				ENABLE_NS_ASSERTIONS = NO;
				ENABLE_STRICT_OBJC_MSGSEND = YES;
				GCC_C_LANGUAGE_STANDARD = gnu99;
				GCC_NO_COMMON_BLOCKS = YES;
				GCC_WARN_64_TO_32_BIT_CONVERSION = YES;
				GCC_WARN_ABOUT_RETURN_TYPE = YES_ERROR;
				GCC_WARN_UNDECLARED_SELECTOR = YES;
				GCC_WARN_UNINITIALIZED_AUTOS = YES_AGGRESSIVE;
				GCC_WARN_UNUSED_FUNCTION = YES;
				GCC_WARN_UNUSED_VARIABLE = YES;
				IPHONEOS_DEPLOYMENT_TARGET = 9.3;
				MTL_ENABLE_DEBUG_INFO = NO;
				SDKROOT = iphoneos;
				VALIDATE_PRODUCT = YES;
			};
			name = Release;
		};
		3D34075E1D400B5C0004D22E /* Debug */ = {
			isa = XCBuildConfiguration;
			buildSettings = {
				ASSETCATALOG_COMPILER_APPICON_NAME = AppIcon;
				INFOPLIST_FILE = Friendbook/Info.plist;
				LD_RUNPATH_SEARCH_PATHS = "$(inherited) @executable_path/Frameworks";
				PRODUCT_BUNDLE_IDENTIFIER = SpaceForest.Friendbook;
				PRODUCT_NAME = "$(TARGET_NAME)";
			};
			name = Debug;
		};
		3D34075F1D400B5C0004D22E /* Release */ = {
			isa = XCBuildConfiguration;
			buildSettings = {
				ASSETCATALOG_COMPILER_APPICON_NAME = AppIcon;
				INFOPLIST_FILE = Friendbook/Info.plist;
				LD_RUNPATH_SEARCH_PATHS = "$(inherited) @executable_path/Frameworks";
				PRODUCT_BUNDLE_IDENTIFIER = SpaceForest.Friendbook;
				PRODUCT_NAME = "$(TARGET_NAME)";
			};
			name = Release;
		};
/* End XCBuildConfiguration section */

/* Begin XCConfigurationList section */
		3D3407461D400B5C0004D22E /* Build configuration list for PBXProject "Friendbook" */ = {
			isa = XCConfigurationList;
			buildConfigurations = (
				3D34075B1D400B5C0004D22E /* Debug */,
				3D34075C1D400B5C0004D22E /* Release */,
			);
			defaultConfigurationIsVisible = 0;
			defaultConfigurationName = Release;
		};
		3D34075D1D400B5C0004D22E /* Build configuration list for PBXNativeTarget "Friendbook" */ = {
			isa = XCConfigurationList;
			buildConfigurations = (
				3D34075E1D400B5C0004D22E /* Debug */,
				3D34075F1D400B5C0004D22E /* Release */,
			);
			defaultConfigurationIsVisible = 0;
		};
/* End XCConfigurationList section */
	};
	rootObject = 3D3407431D400B5C0004D22E /* Project object */;
}
